// !$*UTF8*$!
{
	archiveVersion = 1;
	classes = {
	};
	objectVersion = 55;
	objects = {

/* Begin PBXBuildFile section */
		17CF50D79EE4DD1A5213BB76 /* Pods_TechnicalTest.framework in Frameworks */ = {isa = PBXBuildFile; fileRef = E6B97590D4FDC3F3C0379134 /* Pods_TechnicalTest.framework */; };
		8A1E500D2758C3FA00D51B8C /* AppDelegate.swift in Sources */ = {isa = PBXBuildFile; fileRef = 8A1E500C2758C3FA00D51B8C /* AppDelegate.swift */; };
		8A1E500F2758C3FA00D51B8C /* SceneDelegate.swift in Sources */ = {isa = PBXBuildFile; fileRef = 8A1E500E2758C3FA00D51B8C /* SceneDelegate.swift */; };
		8A1E50112758C3FA00D51B8C /* MovieListViewController.swift in Sources */ = {isa = PBXBuildFile; fileRef = 8A1E50102758C3FA00D51B8C /* MovieListViewController.swift */; };
		8A1E50142758C3FA00D51B8C /* Main.storyboard in Resources */ = {isa = PBXBuildFile; fileRef = 8A1E50122758C3FA00D51B8C /* Main.storyboard */; };
		8A1E50162758C3FD00D51B8C /* Assets.xcassets in Resources */ = {isa = PBXBuildFile; fileRef = 8A1E50152758C3FD00D51B8C /* Assets.xcassets */; };
		8A1E50192758C3FD00D51B8C /* LaunchScreen.storyboard in Resources */ = {isa = PBXBuildFile; fileRef = 8A1E50172758C3FD00D51B8C /* LaunchScreen.storyboard */; };
		8A1E50222758C7FC00D51B8C /* MovieService.swift in Sources */ = {isa = PBXBuildFile; fileRef = 8A1E50212758C7FC00D51B8C /* MovieService.swift */; };
		8A1E50252758C84300D51B8C /* Movie.swift in Sources */ = {isa = PBXBuildFile; fileRef = 8A1E50242758C84300D51B8C /* Movie.swift */; };
		8A1E50272758C93800D51B8C /* MovieError.swift in Sources */ = {isa = PBXBuildFile; fileRef = 8A1E50262758C93800D51B8C /* MovieError.swift */; };
		8A1E50292758D35F00D51B8C /* MovieLoader.swift in Sources */ = {isa = PBXBuildFile; fileRef = 8A1E50282758D35F00D51B8C /* MovieLoader.swift */; };
		8A1E502B2758D54C00D51B8C /* Utils.swift in Sources */ = {isa = PBXBuildFile; fileRef = 8A1E502A2758D54C00D51B8C /* Utils.swift */; };
		8A1E50332758F08000D51B8C /* MovieCell.swift in Sources */ = {isa = PBXBuildFile; fileRef = 8A1E50312758F08000D51B8C /* MovieCell.swift */; };
		8A1E50342758F08000D51B8C /* MovieCell.xib in Resources */ = {isa = PBXBuildFile; fileRef = 8A1E50322758F08000D51B8C /* MovieCell.xib */; };
		8A1E503E2759133F00D51B8C /* MovieDetail.swift in Sources */ = {isa = PBXBuildFile; fileRef = 8A1E503D2759133F00D51B8C /* MovieDetail.swift */; };
		8A1E50412759148A00D51B8C /* MovieDetailViewController.swift in Sources */ = {isa = PBXBuildFile; fileRef = 8A1E503F2759148A00D51B8C /* MovieDetailViewController.swift */; };
		8A1E50422759148A00D51B8C /* MovieDetailViewController.xib in Resources */ = {isa = PBXBuildFile; fileRef = 8A1E50402759148A00D51B8C /* MovieDetailViewController.xib */; };
		8A1E5044275945F000D51B8C /* Extension+UIImageView.swift in Sources */ = {isa = PBXBuildFile; fileRef = 8A1E5043275945F000D51B8C /* Extension+UIImageView.swift */; };
		8AA3D5D1275A44D0003D61E9 /* ReachabilityManager.swift in Sources */ = {isa = PBXBuildFile; fileRef = 8AA3D5D0275A44D0003D61E9 /* ReachabilityManager.swift */; };
		8AA3D5D8275A4B98003D61E9 /* OfflineViewController.swift in Sources */ = {isa = PBXBuildFile; fileRef = 8AA3D5D6275A4B98003D61E9 /* OfflineViewController.swift */; };
		8AA3D5D9275A4B98003D61E9 /* OfflineViewController.xib in Resources */ = {isa = PBXBuildFile; fileRef = 8AA3D5D7275A4B98003D61E9 /* OfflineViewController.xib */; };
		8AA3D5DB275A7BC3003D61E9 /* Extension+UIViewController.swift in Sources */ = {isa = PBXBuildFile; fileRef = 8AA3D5DA275A7BC3003D61E9 /* Extension+UIViewController.swift */; };
/* End PBXBuildFile section */

/* Begin PBXFileReference section */
		24C86139D70E111EB22CD81E /* Pods-TechnicalTest.release.xcconfig */ = {isa = PBXFileReference; includeInIndex = 1; lastKnownFileType = text.xcconfig; name = "Pods-TechnicalTest.release.xcconfig"; path = "Target Support Files/Pods-TechnicalTest/Pods-TechnicalTest.release.xcconfig"; sourceTree = "<group>"; };
		8A1E50092758C3FA00D51B8C /* TechnicalTest.app */ = {isa = PBXFileReference; explicitFileType = wrapper.application; includeInIndex = 0; path = TechnicalTest.app; sourceTree = BUILT_PRODUCTS_DIR; };
		8A1E500C2758C3FA00D51B8C /* AppDelegate.swift */ = {isa = PBXFileReference; lastKnownFileType = sourcecode.swift; path = AppDelegate.swift; sourceTree = "<group>"; };
		8A1E500E2758C3FA00D51B8C /* SceneDelegate.swift */ = {isa = PBXFileReference; lastKnownFileType = sourcecode.swift; path = SceneDelegate.swift; sourceTree = "<group>"; };
		8A1E50102758C3FA00D51B8C /* MovieListViewController.swift */ = {isa = PBXFileReference; lastKnownFileType = sourcecode.swift; path = MovieListViewController.swift; sourceTree = "<group>"; };
		8A1E50132758C3FA00D51B8C /* Base */ = {isa = PBXFileReference; lastKnownFileType = file.storyboard; name = Base; path = Base.lproj/Main.storyboard; sourceTree = "<group>"; };
		8A1E50152758C3FD00D51B8C /* Assets.xcassets */ = {isa = PBXFileReference; lastKnownFileType = folder.assetcatalog; path = Assets.xcassets; sourceTree = "<group>"; };
		8A1E50182758C3FD00D51B8C /* Base */ = {isa = PBXFileReference; lastKnownFileType = file.storyboard; name = Base; path = Base.lproj/LaunchScreen.storyboard; sourceTree = "<group>"; };
		8A1E501A2758C3FD00D51B8C /* Info.plist */ = {isa = PBXFileReference; lastKnownFileType = text.plist.xml; path = Info.plist; sourceTree = "<group>"; };
		8A1E50212758C7FC00D51B8C /* MovieService.swift */ = {isa = PBXFileReference; lastKnownFileType = sourcecode.swift; path = MovieService.swift; sourceTree = "<group>"; };
		8A1E50242758C84300D51B8C /* Movie.swift */ = {isa = PBXFileReference; lastKnownFileType = sourcecode.swift; path = Movie.swift; sourceTree = "<group>"; };
		8A1E50262758C93800D51B8C /* MovieError.swift */ = {isa = PBXFileReference; lastKnownFileType = sourcecode.swift; path = MovieError.swift; sourceTree = "<group>"; };
		8A1E50282758D35F00D51B8C /* MovieLoader.swift */ = {isa = PBXFileReference; lastKnownFileType = sourcecode.swift; path = MovieLoader.swift; sourceTree = "<group>"; };
		8A1E502A2758D54C00D51B8C /* Utils.swift */ = {isa = PBXFileReference; lastKnownFileType = sourcecode.swift; path = Utils.swift; sourceTree = "<group>"; };
		8A1E50312758F08000D51B8C /* MovieCell.swift */ = {isa = PBXFileReference; lastKnownFileType = sourcecode.swift; path = MovieCell.swift; sourceTree = "<group>"; };
		8A1E50322758F08000D51B8C /* MovieCell.xib */ = {isa = PBXFileReference; lastKnownFileType = file.xib; path = MovieCell.xib; sourceTree = "<group>"; };
		8A1E503D2759133F00D51B8C /* MovieDetail.swift */ = {isa = PBXFileReference; lastKnownFileType = sourcecode.swift; path = MovieDetail.swift; sourceTree = "<group>"; };
		8A1E503F2759148A00D51B8C /* MovieDetailViewController.swift */ = {isa = PBXFileReference; lastKnownFileType = sourcecode.swift; path = MovieDetailViewController.swift; sourceTree = "<group>"; };
		8A1E50402759148A00D51B8C /* MovieDetailViewController.xib */ = {isa = PBXFileReference; lastKnownFileType = file.xib; path = MovieDetailViewController.xib; sourceTree = "<group>"; };
		8A1E5043275945F000D51B8C /* Extension+UIImageView.swift */ = {isa = PBXFileReference; lastKnownFileType = sourcecode.swift; path = "Extension+UIImageView.swift"; sourceTree = "<group>"; };
		8AA3D5D0275A44D0003D61E9 /* ReachabilityManager.swift */ = {isa = PBXFileReference; lastKnownFileType = sourcecode.swift; path = ReachabilityManager.swift; sourceTree = "<group>"; };
		8AA3D5D6275A4B98003D61E9 /* OfflineViewController.swift */ = {isa = PBXFileReference; lastKnownFileType = sourcecode.swift; path = OfflineViewController.swift; sourceTree = "<group>"; };
		8AA3D5D7275A4B98003D61E9 /* OfflineViewController.xib */ = {isa = PBXFileReference; lastKnownFileType = file.xib; path = OfflineViewController.xib; sourceTree = "<group>"; };
		8AA3D5DA275A7BC3003D61E9 /* Extension+UIViewController.swift */ = {isa = PBXFileReference; lastKnownFileType = sourcecode.swift; path = "Extension+UIViewController.swift"; sourceTree = "<group>"; };
		9845AEDAC7B213D225D9CA70 /* Pods-TechnicalTest.debug.xcconfig */ = {isa = PBXFileReference; includeInIndex = 1; lastKnownFileType = text.xcconfig; name = "Pods-TechnicalTest.debug.xcconfig"; path = "Target Support Files/Pods-TechnicalTest/Pods-TechnicalTest.debug.xcconfig"; sourceTree = "<group>"; };
		E6B97590D4FDC3F3C0379134 /* Pods_TechnicalTest.framework */ = {isa = PBXFileReference; explicitFileType = wrapper.framework; includeInIndex = 0; path = Pods_TechnicalTest.framework; sourceTree = BUILT_PRODUCTS_DIR; };
/* End PBXFileReference section */

/* Begin PBXFrameworksBuildPhase section */
		8A1E50062758C3FA00D51B8C /* Frameworks */ = {
			isa = PBXFrameworksBuildPhase;
			buildActionMask = 2147483647;
			files = (
				17CF50D79EE4DD1A5213BB76 /* Pods_TechnicalTest.framework in Frameworks */,
			);
			runOnlyForDeploymentPostprocessing = 0;
		};
/* End PBXFrameworksBuildPhase section */

/* Begin PBXGroup section */
		034FD1ADFC7572E989625F43 /* Frameworks */ = {
			isa = PBXGroup;
			children = (
				E6B97590D4FDC3F3C0379134 /* Pods_TechnicalTest.framework */,
			);
			name = Frameworks;
			sourceTree = "<group>";
		};
		8A1E50002758C3FA00D51B8C = {
			isa = PBXGroup;
			children = (
				8A1E500B2758C3FA00D51B8C /* TechnicalTest */,
				8AC535E2275F71A800E07A63 /* Resources */,
				8AC535E3275F72DD00E07A63 /* Helpers */,
				8A1E500A2758C3FA00D51B8C /* Products */,
				A903792B286884B87630C247 /* Pods */,
				034FD1ADFC7572E989625F43 /* Frameworks */,
			);
			sourceTree = "<group>";
		};
		8A1E500A2758C3FA00D51B8C /* Products */ = {
			isa = PBXGroup;
			children = (
				8A1E50092758C3FA00D51B8C /* TechnicalTest.app */,
			);
			name = Products;
			sourceTree = "<group>";
		};
		8A1E500B2758C3FA00D51B8C /* TechnicalTest */ = {
			isa = PBXGroup;
			children = (
				8AC535E1275F718900E07A63 /* Application */,
				8A1E5039275912F900D51B8C /* MovieDetail */,
				8A1E502C2758F02300D51B8C /* MovieList */,
				8A1E50202758C7EA00D51B8C /* Networking */,
				8AA3D5D4275A454D003D61E9 /* Extensions */,
			);
			path = TechnicalTest;
			sourceTree = "<group>";
		};
		8A1E50202758C7EA00D51B8C /* Networking */ = {
			isa = PBXGroup;
			children = (
				8A1E50232758C83C00D51B8C /* Model */,
				8A1E50212758C7FC00D51B8C /* MovieService.swift */,
				8A1E50282758D35F00D51B8C /* MovieLoader.swift */,
			);
			path = Networking;
			sourceTree = "<group>";
		};
		8A1E50232758C83C00D51B8C /* Model */ = {
			isa = PBXGroup;
			children = (
				8A1E50262758C93800D51B8C /* MovieError.swift */,
			);
			path = Model;
			sourceTree = "<group>";
		};
		8A1E502C2758F02300D51B8C /* MovieList */ = {
			isa = PBXGroup;
			children = (
				8A1E502D2758F02B00D51B8C /* Model */,
				8A1E502E2758F02F00D51B8C /* View */,
				8A1E502F2758F03200D51B8C /* Controller */,
			);
			path = MovieList;
			sourceTree = "<group>";
		};
		8A1E502D2758F02B00D51B8C /* Model */ = {
			isa = PBXGroup;
			children = (
				8A1E50242758C84300D51B8C /* Movie.swift */,
			);
			path = Model;
			sourceTree = "<group>";
		};
		8A1E502E2758F02F00D51B8C /* View */ = {
			isa = PBXGroup;
			children = (
				8A1E50302758F05F00D51B8C /* Cell */,
				8A1E50122758C3FA00D51B8C /* Main.storyboard */,
			);
			path = View;
			sourceTree = "<group>";
		};
		8A1E502F2758F03200D51B8C /* Controller */ = {
			isa = PBXGroup;
			children = (
				8A1E50102758C3FA00D51B8C /* MovieListViewController.swift */,
			);
			path = Controller;
			sourceTree = "<group>";
		};
		8A1E50302758F05F00D51B8C /* Cell */ = {
			isa = PBXGroup;
			children = (
				8A1E50312758F08000D51B8C /* MovieCell.swift */,
				8A1E50322758F08000D51B8C /* MovieCell.xib */,
			);
			path = Cell;
			sourceTree = "<group>";
		};
		8A1E5039275912F900D51B8C /* MovieDetail */ = {
			isa = PBXGroup;
			children = (
				8A1E503C2759133000D51B8C /* Model */,
				8A1E503B2759132C00D51B8C /* View */,
				8A1E503A2759132700D51B8C /* Controller */,
			);
			path = MovieDetail;
			sourceTree = "<group>";
		};
		8A1E503A2759132700D51B8C /* Controller */ = {
			isa = PBXGroup;
			children = (
				8A1E503F2759148A00D51B8C /* MovieDetailViewController.swift */,
			);
			path = Controller;
			sourceTree = "<group>";
		};
		8A1E503B2759132C00D51B8C /* View */ = {
			isa = PBXGroup;
			children = (
				8A1E50402759148A00D51B8C /* MovieDetailViewController.xib */,
			);
			path = View;
			sourceTree = "<group>";
		};
		8A1E503C2759133000D51B8C /* Model */ = {
			isa = PBXGroup;
			children = (
				8A1E503D2759133F00D51B8C /* MovieDetail.swift */,
			);
			path = Model;
			sourceTree = "<group>";
		};
		8AA3D5D4275A454D003D61E9 /* Extensions */ = {
			isa = PBXGroup;
			children = (
				8A1E5043275945F000D51B8C /* Extension+UIImageView.swift */,
				8AA3D5DA275A7BC3003D61E9 /* Extension+UIViewController.swift */,
			);
			path = Extensions;
			sourceTree = "<group>";
		};
		8AC535E1275F718900E07A63 /* Application */ = {
			isa = PBXGroup;
			children = (
				8A1E501A2758C3FD00D51B8C /* Info.plist */,
				8A1E50172758C3FD00D51B8C /* LaunchScreen.storyboard */,
				8A1E500E2758C3FA00D51B8C /* SceneDelegate.swift */,
				8A1E500C2758C3FA00D51B8C /* AppDelegate.swift */,
			);
			path = Application;
			sourceTree = "<group>";
		};
		8AC535E2275F71A800E07A63 /* Resources */ = {
			isa = PBXGroup;
			children = (
				8A1E50152758C3FD00D51B8C /* Assets.xcassets */,
			);
			path = Resources;
			sourceTree = "<group>";
		};
		8AC535E3275F72DD00E07A63 /* Helpers */ = {
			isa = PBXGroup;
			children = (
				8AC535E4275F72EA00E07A63 /* Views */,
				8A1E502A2758D54C00D51B8C /* Utils.swift */,
			);
			path = Helpers;
			sourceTree = "<group>";
		};
		8AC535E4275F72EA00E07A63 /* Views */ = {
			isa = PBXGroup;
			children = (
				8AA3D5D0275A44D0003D61E9 /* ReachabilityManager.swift */,
				8AA3D5D6275A4B98003D61E9 /* OfflineViewController.swift */,
				8AA3D5D7275A4B98003D61E9 /* OfflineViewController.xib */,
			);
			path = Views;
			sourceTree = "<group>";
		};
		A903792B286884B87630C247 /* Pods */ = {
			isa = PBXGroup;
			children = (
				9845AEDAC7B213D225D9CA70 /* Pods-TechnicalTest.debug.xcconfig */,
				24C86139D70E111EB22CD81E /* Pods-TechnicalTest.release.xcconfig */,
			);
			path = Pods;
			sourceTree = "<group>";
		};
/* End PBXGroup section */

/* Begin PBXNativeTarget section */
		8A1E50082758C3FA00D51B8C /* TechnicalTest */ = {
			isa = PBXNativeTarget;
			buildConfigurationList = 8A1E501D2758C3FD00D51B8C /* Build configuration list for PBXNativeTarget "TechnicalTest" */;
			buildPhases = (
				17573644FBEBAA455721FA39 /* [CP] Check Pods Manifest.lock */,
				8A1E50052758C3FA00D51B8C /* Sources */,
				8A1E50062758C3FA00D51B8C /* Frameworks */,
				8A1E50072758C3FA00D51B8C /* Resources */,
				92353899AF91574378097B1E /* [CP] Embed Pods Frameworks */,
			);
			buildRules = (
			);
			dependencies = (
			);
			name = TechnicalTest;
			productName = TechnicalTest;
			productReference = 8A1E50092758C3FA00D51B8C /* TechnicalTest.app */;
			productType = "com.apple.product-type.application";
		};
/* End PBXNativeTarget section */

/* Begin PBXProject section */
		8A1E50012758C3FA00D51B8C /* Project object */ = {
			isa = PBXProject;
			attributes = {
				BuildIndependentTargetsInParallel = 1;
				LastSwiftUpdateCheck = 1300;
				LastUpgradeCheck = 1300;
				TargetAttributes = {
					8A1E50082758C3FA00D51B8C = {
						CreatedOnToolsVersion = 13.0;
					};
				};
			};
			buildConfigurationList = 8A1E50042758C3FA00D51B8C /* Build configuration list for PBXProject "TechnicalTest" */;
			compatibilityVersion = "Xcode 13.0";
			developmentRegion = en;
			hasScannedForEncodings = 0;
			knownRegions = (
				en,
				Base,
			);
			mainGroup = 8A1E50002758C3FA00D51B8C;
			productRefGroup = 8A1E500A2758C3FA00D51B8C /* Products */;
			projectDirPath = "";
			projectRoot = "";
			targets = (
				8A1E50082758C3FA00D51B8C /* TechnicalTest */,
			);
		};
/* End PBXProject section */

/* Begin PBXResourcesBuildPhase section */
		8A1E50072758C3FA00D51B8C /* Resources */ = {
			isa = PBXResourcesBuildPhase;
			buildActionMask = 2147483647;
			files = (
				8A1E50422759148A00D51B8C /* MovieDetailViewController.xib in Resources */,
				8A1E50192758C3FD00D51B8C /* LaunchScreen.storyboard in Resources */,
				8A1E50162758C3FD00D51B8C /* Assets.xcassets in Resources */,
				8A1E50342758F08000D51B8C /* MovieCell.xib in Resources */,
				8AA3D5D9275A4B98003D61E9 /* OfflineViewController.xib in Resources */,
				8A1E50142758C3FA00D51B8C /* Main.storyboard in Resources */,
			);
			runOnlyForDeploymentPostprocessing = 0;
		};
/* End PBXResourcesBuildPhase section */

/* Begin PBXShellScriptBuildPhase section */
		17573644FBEBAA455721FA39 /* [CP] Check Pods Manifest.lock */ = {
			isa = PBXShellScriptBuildPhase;
			buildActionMask = 2147483647;
			files = (
			);
			inputFileListPaths = (
			);
			inputPaths = (
				"${PODS_PODFILE_DIR_PATH}/Podfile.lock",
				"${PODS_ROOT}/Manifest.lock",
			);
			name = "[CP] Check Pods Manifest.lock";
			outputFileListPaths = (
			);
			outputPaths = (
				"$(DERIVED_FILE_DIR)/Pods-TechnicalTest-checkManifestLockResult.txt",
			);
			runOnlyForDeploymentPostprocessing = 0;
			shellPath = /bin/sh;
			shellScript = "diff \"${PODS_PODFILE_DIR_PATH}/Podfile.lock\" \"${PODS_ROOT}/Manifest.lock\" > /dev/null\nif [ $? != 0 ] ; then\n    # print error to STDERR\n    echo \"error: The sandbox is not in sync with the Podfile.lock. Run 'pod install' or update your CocoaPods installation.\" >&2\n    exit 1\nfi\n# This output is used by Xcode 'outputs' to avoid re-running this script phase.\necho \"SUCCESS\" > \"${SCRIPT_OUTPUT_FILE_0}\"\n";
			showEnvVarsInLog = 0;
		};
		92353899AF91574378097B1E /* [CP] Embed Pods Frameworks */ = {
			isa = PBXShellScriptBuildPhase;
			buildActionMask = 2147483647;
			files = (
			);
			inputFileListPaths = (
				"${PODS_ROOT}/Target Support Files/Pods-TechnicalTest/Pods-TechnicalTest-frameworks-${CONFIGURATION}-input-files.xcfilelist",
			);
			name = "[CP] Embed Pods Frameworks";
			outputFileListPaths = (
				"${PODS_ROOT}/Target Support Files/Pods-TechnicalTest/Pods-TechnicalTest-frameworks-${CONFIGURATION}-output-files.xcfilelist",
			);
			runOnlyForDeploymentPostprocessing = 0;
			shellPath = /bin/sh;
			shellScript = "\"${PODS_ROOT}/Target Support Files/Pods-TechnicalTest/Pods-TechnicalTest-frameworks.sh\"\n";
			showEnvVarsInLog = 0;
		};
/* End PBXShellScriptBuildPhase section */

/* Begin PBXSourcesBuildPhase section */
		8A1E50052758C3FA00D51B8C /* Sources */ = {
			isa = PBXSourcesBuildPhase;
			buildActionMask = 2147483647;
			files = (
				8AA3D5DB275A7BC3003D61E9 /* Extension+UIViewController.swift in Sources */,
				8AA3D5D1275A44D0003D61E9 /* ReachabilityManager.swift in Sources */,
				8A1E50112758C3FA00D51B8C /* MovieListViewController.swift in Sources */,
				8A1E50272758C93800D51B8C /* MovieError.swift in Sources */,
				8A1E50332758F08000D51B8C /* MovieCell.swift in Sources */,
				8A1E50292758D35F00D51B8C /* MovieLoader.swift in Sources */,
				8A1E500D2758C3FA00D51B8C /* AppDelegate.swift in Sources */,
				8A1E50222758C7FC00D51B8C /* MovieService.swift in Sources */,
				8A1E500F2758C3FA00D51B8C /* SceneDelegate.swift in Sources */,
				8AA3D5D8275A4B98003D61E9 /* OfflineViewController.swift in Sources */,
				8A1E503E2759133F00D51B8C /* MovieDetail.swift in Sources */,
				8A1E50252758C84300D51B8C /* Movie.swift in Sources */,
				8A1E50412759148A00D51B8C /* MovieDetailViewController.swift in Sources */,
				8A1E5044275945F000D51B8C /* Extension+UIImageView.swift in Sources */,
				8A1E502B2758D54C00D51B8C /* Utils.swift in Sources */,
			);
			runOnlyForDeploymentPostprocessing = 0;
		};
/* End PBXSourcesBuildPhase section */

/* Begin PBXVariantGroup section */
		8A1E50122758C3FA00D51B8C /* Main.storyboard */ = {
			isa = PBXVariantGroup;
			children = (
				8A1E50132758C3FA00D51B8C /* Base */,
			);
			name = Main.storyboard;
			sourceTree = "<group>";
		};
		8A1E50172758C3FD00D51B8C /* LaunchScreen.storyboard */ = {
			isa = PBXVariantGroup;
			children = (
				8A1E50182758C3FD00D51B8C /* Base */,
			);
			name = LaunchScreen.storyboard;
			sourceTree = "<group>";
		};
/* End PBXVariantGroup section */

/* Begin XCBuildConfiguration section */
		8A1E501B2758C3FD00D51B8C /* Debug */ = {
			isa = XCBuildConfiguration;
			buildSettings = {
				ALWAYS_SEARCH_USER_PATHS = NO;
				CLANG_ANALYZER_NONNULL = YES;
				CLANG_ANALYZER_NUMBER_OBJECT_CONVERSION = YES_AGGRESSIVE;
				CLANG_CXX_LANGUAGE_STANDARD = "gnu++17";
				CLANG_CXX_LIBRARY = "libc++";
				CLANG_ENABLE_MODULES = YES;
				CLANG_ENABLE_OBJC_ARC = YES;
				CLANG_ENABLE_OBJC_WEAK = YES;
				CLANG_WARN_BLOCK_CAPTURE_AUTORELEASING = YES;
				CLANG_WARN_BOOL_CONVERSION = YES;
				CLANG_WARN_COMMA = YES;
				CLANG_WARN_CONSTANT_CONVERSION = YES;
				CLANG_WARN_DEPRECATED_OBJC_IMPLEMENTATIONS = YES;
				CLANG_WARN_DIRECT_OBJC_ISA_USAGE = YES_ERROR;
				CLANG_WARN_DOCUMENTATION_COMMENTS = YES;
				CLANG_WARN_EMPTY_BODY = YES;
				CLANG_WARN_ENUM_CONVERSION = YES;
				CLANG_WARN_INFINITE_RECURSION = YES;
				CLANG_WARN_INT_CONVERSION = YES;
				CLANG_WARN_NON_LITERAL_NULL_CONVERSION = YES;
				CLANG_WARN_OBJC_IMPLICIT_RETAIN_SELF = YES;
				CLANG_WARN_OBJC_LITERAL_CONVERSION = YES;
				CLANG_WARN_OBJC_ROOT_CLASS = YES_ERROR;
				CLANG_WARN_QUOTED_INCLUDE_IN_FRAMEWORK_HEADER = YES;
				CLANG_WARN_RANGE_LOOP_ANALYSIS = YES;
				CLANG_WARN_STRICT_PROTOTYPES = YES;
				CLANG_WARN_SUSPICIOUS_MOVE = YES;
				CLANG_WARN_UNGUARDED_AVAILABILITY = YES_AGGRESSIVE;
				CLANG_WARN_UNREACHABLE_CODE = YES;
				CLANG_WARN__DUPLICATE_METHOD_MATCH = YES;
				COPY_PHASE_STRIP = NO;
				DEBUG_INFORMATION_FORMAT = dwarf;
				ENABLE_STRICT_OBJC_MSGSEND = YES;
				ENABLE_TESTABILITY = YES;
				GCC_C_LANGUAGE_STANDARD = gnu11;
				GCC_DYNAMIC_NO_PIC = NO;
				GCC_NO_COMMON_BLOCKS = YES;
				GCC_OPTIMIZATION_LEVEL = 0;
				GCC_PREPROCESSOR_DEFINITIONS = (
					"DEBUG=1",
					"$(inherited)",
				);
				GCC_WARN_64_TO_32_BIT_CONVERSION = YES;
				GCC_WARN_ABOUT_RETURN_TYPE = YES_ERROR;
				GCC_WARN_UNDECLARED_SELECTOR = YES;
				GCC_WARN_UNINITIALIZED_AUTOS = YES_AGGRESSIVE;
				GCC_WARN_UNUSED_FUNCTION = YES;
				GCC_WARN_UNUSED_VARIABLE = YES;
				IPHONEOS_DEPLOYMENT_TARGET = 15.0;
				MTL_ENABLE_DEBUG_INFO = INCLUDE_SOURCE;
				MTL_FAST_MATH = YES;
				ONLY_ACTIVE_ARCH = YES;
				SDKROOT = iphoneos;
				SWIFT_ACTIVE_COMPILATION_CONDITIONS = DEBUG;
				SWIFT_OPTIMIZATION_LEVEL = "-Onone";
			};
			name = Debug;
		};
		8A1E501C2758C3FD00D51B8C /* Release */ = {
			isa = XCBuildConfiguration;
			buildSettings = {
				ALWAYS_SEARCH_USER_PATHS = NO;
				CLANG_ANALYZER_NONNULL = YES;
				CLANG_ANALYZER_NUMBER_OBJECT_CONVERSION = YES_AGGRESSIVE;
				CLANG_CXX_LANGUAGE_STANDARD = "gnu++17";
				CLANG_CXX_LIBRARY = "libc++";
				CLANG_ENABLE_MODULES = YES;
				CLANG_ENABLE_OBJC_ARC = YES;
				CLANG_ENABLE_OBJC_WEAK = YES;
				CLANG_WARN_BLOCK_CAPTURE_AUTORELEASING = YES;
				CLANG_WARN_BOOL_CONVERSION = YES;
				CLANG_WARN_COMMA = YES;
				CLANG_WARN_CONSTANT_CONVERSION = YES;
				CLANG_WARN_DEPRECATED_OBJC_IMPLEMENTATIONS = YES;
				CLANG_WARN_DIRECT_OBJC_ISA_USAGE = YES_ERROR;
				CLANG_WARN_DOCUMENTATION_COMMENTS = YES;
				CLANG_WARN_EMPTY_BODY = YES;
				CLANG_WARN_ENUM_CONVERSION = YES;
				CLANG_WARN_INFINITE_RECURSION = YES;
				CLANG_WARN_INT_CONVERSION = YES;
				CLANG_WARN_NON_LITERAL_NULL_CONVERSION = YES;
				CLANG_WARN_OBJC_IMPLICIT_RETAIN_SELF = YES;
				CLANG_WARN_OBJC_LITERAL_CONVERSION = YES;
				CLANG_WARN_OBJC_ROOT_CLASS = YES_ERROR;
				CLANG_WARN_QUOTED_INCLUDE_IN_FRAMEWORK_HEADER = YES;
				CLANG_WARN_RANGE_LOOP_ANALYSIS = YES;
				CLANG_WARN_STRICT_PROTOTYPES = YES;
				CLANG_WARN_SUSPICIOUS_MOVE = YES;
				CLANG_WARN_UNGUARDED_AVAILABILITY = YES_AGGRESSIVE;
				CLANG_WARN_UNREACHABLE_CODE = YES;
				CLANG_WARN__DUPLICATE_METHOD_MATCH = YES;
				COPY_PHASE_STRIP = NO;
				DEBUG_INFORMATION_FORMAT = "dwarf-with-dsym";
				ENABLE_NS_ASSERTIONS = NO;
				ENABLE_STRICT_OBJC_MSGSEND = YES;
				GCC_C_LANGUAGE_STANDARD = gnu11;
				GCC_NO_COMMON_BLOCKS = YES;
				GCC_WARN_64_TO_32_BIT_CONVERSION = YES;
				GCC_WARN_ABOUT_RETURN_TYPE = YES_ERROR;
				GCC_WARN_UNDECLARED_SELECTOR = YES;
				GCC_WARN_UNINITIALIZED_AUTOS = YES_AGGRESSIVE;
				GCC_WARN_UNUSED_FUNCTION = YES;
				GCC_WARN_UNUSED_VARIABLE = YES;
				IPHONEOS_DEPLOYMENT_TARGET = 15.0;
				MTL_ENABLE_DEBUG_INFO = NO;
				MTL_FAST_MATH = YES;
				SDKROOT = iphoneos;
				SWIFT_COMPILATION_MODE = wholemodule;
				SWIFT_OPTIMIZATION_LEVEL = "-O";
				VALIDATE_PRODUCT = YES;
			};
			name = Release;
		};
		8A1E501E2758C3FD00D51B8C /* Debug */ = {
			isa = XCBuildConfiguration;
			baseConfigurationReference = 9845AEDAC7B213D225D9CA70 /* Pods-TechnicalTest.debug.xcconfig */;
			buildSettings = {
				ASSETCATALOG_COMPILER_APPICON_NAME = AppIcon;
				ASSETCATALOG_COMPILER_GLOBAL_ACCENT_COLOR_NAME = AccentColor;
				CODE_SIGN_STYLE = Automatic;
				CURRENT_PROJECT_VERSION = 1;
				DEVELOPMENT_TEAM = 7EJKV8CGJ8;
				GENERATE_INFOPLIST_FILE = YES;
				INFOPLIST_FILE = TechnicalTest/Application/Info.plist;
				INFOPLIST_KEY_CFBundleDisplayName = "Movie App";
				INFOPLIST_KEY_UIApplicationSupportsIndirectInputEvents = YES;
				INFOPLIST_KEY_UILaunchStoryboardName = LaunchScreen;
				INFOPLIST_KEY_UIMainStoryboardFile = Main;
				INFOPLIST_KEY_UISupportedInterfaceOrientations_iPad = "UIInterfaceOrientationPortrait UIInterfaceOrientationPortraitUpsideDown UIInterfaceOrientationLandscapeLeft UIInterfaceOrientationLandscapeRight";
				INFOPLIST_KEY_UISupportedInterfaceOrientations_iPhone = "UIInterfaceOrientationPortrait UIInterfaceOrientationLandscapeLeft UIInterfaceOrientationLandscapeRight";
				IPHONEOS_DEPLOYMENT_TARGET = 14.7;
				LD_RUNPATH_SEARCH_PATHS = (
					"$(inherited)",
					"@executable_path/Frameworks",
				);
				MARKETING_VERSION = 1.0;
				PRODUCT_BUNDLE_IDENTIFIER = com.rafaelasencio.TechnicalTest;
				PRODUCT_NAME = "$(TARGET_NAME)";
				SWIFT_EMIT_LOC_STRINGS = YES;
				SWIFT_VERSION = 5.0;
				TARGETED_DEVICE_FAMILY = "1,2";
			};
			name = Debug;
		};
		8A1E501F2758C3FD00D51B8C /* Release */ = {
			isa = XCBuildConfiguration;
			baseConfigurationReference = 24C86139D70E111EB22CD81E /* Pods-TechnicalTest.release.xcconfig */;
			buildSettings = {
				ASSETCATALOG_COMPILER_APPICON_NAME = AppIcon;
				ASSETCATALOG_COMPILER_GLOBAL_ACCENT_COLOR_NAME = AccentColor;
				CODE_SIGN_STYLE = Automatic;
				CURRENT_PROJECT_VERSION = 1;
				DEVELOPMENT_TEAM = 7EJKV8CGJ8;
				GENERATE_INFOPLIST_FILE = YES;
				INFOPLIST_FILE = TechnicalTest/Application/Info.plist;
				INFOPLIST_KEY_CFBundleDisplayName = "Movie App";
				INFOPLIST_KEY_UIApplicationSupportsIndirectInputEvents = YES;
				INFOPLIST_KEY_UILaunchStoryboardName = LaunchScreen;
				INFOPLIST_KEY_UIMainStoryboardFile = Main;
				INFOPLIST_KEY_UISupportedInterfaceOrientations_iPad = "UIInterfaceOrientationPortrait UIInterfaceOrientationPortraitUpsideDown UIInterfaceOrientationLandscapeLeft UIInterfaceOrientationLandscapeRight";
				INFOPLIST_KEY_UISupportedInterfaceOrientations_iPhone = "UIInterfaceOrientationPortrait UIInterfaceOrientationLandscapeLeft UIInterfaceOrientationLandscapeRight";
				IPHONEOS_DEPLOYMENT_TARGET = 14.7;
				LD_RUNPATH_SEARCH_PATHS = (
					"$(inherited)",
					"@executable_path/Frameworks",
				);
				MARKETING_VERSION = 1.0;
				PRODUCT_BUNDLE_IDENTIFIER = com.rafaelasencio.TechnicalTest;
				PRODUCT_NAME = "$(TARGET_NAME)";
				SWIFT_EMIT_LOC_STRINGS = YES;
				SWIFT_VERSION = 5.0;
				TARGETED_DEVICE_FAMILY = "1,2";
			};
			name = Release;
		};
/* End XCBuildConfiguration section */

/* Begin XCConfigurationList section */
		8A1E50042758C3FA00D51B8C /* Build configuration list for PBXProject "TechnicalTest" */ = {
			isa = XCConfigurationList;
			buildConfigurations = (
				8A1E501B2758C3FD00D51B8C /* Debug */,
				8A1E501C2758C3FD00D51B8C /* Release */,
			);
			defaultConfigurationIsVisible = 0;
			defaultConfigurationName = Release;
		};
		8A1E501D2758C3FD00D51B8C /* Build configuration list for PBXNativeTarget "TechnicalTest" */ = {
			isa = XCConfigurationList;
			buildConfigurations = (
				8A1E501E2758C3FD00D51B8C /* Debug */,
				8A1E501F2758C3FD00D51B8C /* Release */,
			);
			defaultConfigurationIsVisible = 0;
			defaultConfigurationName = Release;
		};
/* End XCConfigurationList section */
	};
	rootObject = 8A1E50012758C3FA00D51B8C /* Project object */;
}
